
Microsoft Visual Studio Solution File, Format Version 12.00
# Visual Studio 14
VisualStudioVersion = 14.0.25420.1
MinimumVisualStudioVersion = 10.0.40219.1
Project("{8BC9CEB8-8B4A-11D0-8D11-00A0C91BC942}") = "Project1", "Project1\Project1.vcxproj", "{BBFD0DD1-4C9C-4958-A059-DB8BE6CD6D6B}"
EndProject
Project("{8BC9CEB8-8B4A-11D0-8D11-00A0C91BC942}") = "PDCurseControls", "PDCurseControls\PDCurseControls.vcxproj", "{E3D14357-39D4-446E-B228-1ECCE4B70488}"
EndProject
Project("{8BC9CEB8-8B4A-11D0-8D11-00A0C91BC942}") = "PDCurseControlsTester", "PDCurseControlsTester\PDCurseControlsTester.vcxproj", "{85951756-50C2-42E1-A85E-08F50AF158E5}"
EndProject
Project("{8BC9CEB8-8B4A-11D0-8D11-00A0C91BC942}") = "RPGLib", "RPGLib\RPGLib.vcxproj", "{C52C8A11-CBCC-444C-95E2-391F2288828A}"
EndProject
Project("{8BC9CEB8-8B4A-11D0-8D11-00A0C91BC942}") = "RPGLibTester", "RPGLibTester\RPGLibTester.vcxproj", "{A294DC11-5347-4312-950A-A6215DA41CCE}"
EndProject
Project("{8BC9CEB8-8B4A-11D0-8D11-00A0C91BC942}") = "PDCurseControlsTester - UI", "PDCurseControlsTester - UI\PDCurseControlsTester - UI.vcxproj", "{E620D3EF-62A0-49CF-8242-A305F3FA8656}"
EndProject
Project("{8BC9CEB8-8B4A-11D0-8D11-00A0C91BC942}") = "Boost test", "Boost test\Boost test.vcxproj", "{2EEF142D-56E7-4FFE-B57A-10E566D7AF31}"
EndProject
Project("{8BC9CEB8-8B4A-11D0-8D11-00A0C91BC942}") = "RPGLibTester - UI", "RPGLibTester - UI\RPGLibTester - UI.vcxproj", "{9254713C-D0F1-4A7A-B79F-100C43A1AC7A}"
EndProject
Project("{8BC9CEB8-8B4A-11D0-8D11-00A0C91BC942}") = "Misc C++ Testing", "Misc C++ Testing\Misc C++ Testing.vcxproj", "{C4E0532C-55D7-4B18-BDB7-9DF02B48A44F}"
EndProject
Project("{8BC9CEB8-8B4A-11D0-8D11-00A0C91BC942}") = "GameLibTester", "GameLibTester\GameLibTester.vcxproj", "{F1CE6A54-9F26-4EAF-A3B4-8725D48DDB9A}"
EndProject
Project("{8BC9CEB8-8B4A-11D0-8D11-00A0C91BC942}") = "GameLibTester - UI", "GameLibTester - UI\GameLibTester - UI.vcxproj", "{5507E00B-3CC5-4F39-A232-ABADC4370D03}"
EndProject
Project("{8BC9CEB8-8B4A-11D0-8D11-00A0C91BC942}") = "GameLib", "GameLib\GameLib.vcxproj", "{3CF43E9A-D0E5-482A-BCC1-53AB1ECB8AD2}"
EndProject
Project("{8BC9CEB8-8B4A-11D0-8D11-00A0C91BC942}") = "Editors", "Editors\Editors.vcxproj", "{B045A9C4-53EA-4916-A1B7-D1819125BABC}"
EndProject
Project("{2150E333-8FDC-42A3-9474-1A3956D46DE8}") = "Solution Items", "Solution Items", "{401F3F7A-DCF8-4B47-94AE-F63C3D900B9D}"
	ProjectSection(SolutionItems) = preProject
		README.md = README.md
	EndProjectSection
EndProject
Global
	GlobalSection(SolutionConfigurationPlatforms) = preSolution
		Debug|ARM = Debug|ARM
		Debug|x64 = Debug|x64
		Debug|x86 = Debug|x86
		Release|ARM = Release|ARM
		Release|x64 = Release|x64
		Release|x86 = Release|x86
	EndGlobalSection
	GlobalSection(ProjectConfigurationPlatforms) = postSolution
		{BBFD0DD1-4C9C-4958-A059-DB8BE6CD6D6B}.Debug|ARM.ActiveCfg = Debug|Win32
		{BBFD0DD1-4C9C-4958-A059-DB8BE6CD6D6B}.Debug|x64.ActiveCfg = Debug|x64
		{BBFD0DD1-4C9C-4958-A059-DB8BE6CD6D6B}.Debug|x64.Build.0 = Debug|x64
		{BBFD0DD1-4C9C-4958-A059-DB8BE6CD6D6B}.Debug|x86.ActiveCfg = Debug|Win32
		{BBFD0DD1-4C9C-4958-A059-DB8BE6CD6D6B}.Debug|x86.Build.0 = Debug|Win32
		{BBFD0DD1-4C9C-4958-A059-DB8BE6CD6D6B}.Release|ARM.ActiveCfg = Release|Win32
		{BBFD0DD1-4C9C-4958-A059-DB8BE6CD6D6B}.Release|x64.ActiveCfg = Release|x64
		{BBFD0DD1-4C9C-4958-A059-DB8BE6CD6D6B}.Release|x64.Build.0 = Release|x64
		{BBFD0DD1-4C9C-4958-A059-DB8BE6CD6D6B}.Release|x86.ActiveCfg = Release|Win32
		{BBFD0DD1-4C9C-4958-A059-DB8BE6CD6D6B}.Release|x86.Build.0 = Release|Win32
		{E3D14357-39D4-446E-B228-1ECCE4B70488}.Debug|ARM.ActiveCfg = Debug|Win32
		{E3D14357-39D4-446E-B228-1ECCE4B70488}.Debug|x64.ActiveCfg = Debug|x64
		{E3D14357-39D4-446E-B228-1ECCE4B70488}.Debug|x64.Build.0 = Debug|x64
		{E3D14357-39D4-446E-B228-1ECCE4B70488}.Debug|x86.ActiveCfg = Debug|Win32
		{E3D14357-39D4-446E-B228-1ECCE4B70488}.Debug|x86.Build.0 = Debug|Win32
		{E3D14357-39D4-446E-B228-1ECCE4B70488}.Release|ARM.ActiveCfg = Release|Win32
		{E3D14357-39D4-446E-B228-1ECCE4B70488}.Release|x64.ActiveCfg = Release|x64
		{E3D14357-39D4-446E-B228-1ECCE4B70488}.Release|x64.Build.0 = Release|x64
		{E3D14357-39D4-446E-B228-1ECCE4B70488}.Release|x86.ActiveCfg = Release|Win32
		{E3D14357-39D4-446E-B228-1ECCE4B70488}.Release|x86.Build.0 = Release|Win32
		{85951756-50C2-42E1-A85E-08F50AF158E5}.Debug|ARM.ActiveCfg = Debug|Win32
		{85951756-50C2-42E1-A85E-08F50AF158E5}.Debug|x64.ActiveCfg = Debug|x64
		{85951756-50C2-42E1-A85E-08F50AF158E5}.Debug|x64.Build.0 = Debug|x64
		{85951756-50C2-42E1-A85E-08F50AF158E5}.Debug|x86.ActiveCfg = Debug|Win32
		{85951756-50C2-42E1-A85E-08F50AF158E5}.Debug|x86.Build.0 = Debug|Win32
		{85951756-50C2-42E1-A85E-08F50AF158E5}.Release|ARM.ActiveCfg = Release|Win32
		{85951756-50C2-42E1-A85E-08F50AF158E5}.Release|x64.ActiveCfg = Release|x64
		{85951756-50C2-42E1-A85E-08F50AF158E5}.Release|x64.Build.0 = Release|x64
		{85951756-50C2-42E1-A85E-08F50AF158E5}.Release|x86.ActiveCfg = Release|Win32
		{85951756-50C2-42E1-A85E-08F50AF158E5}.Release|x86.Build.0 = Release|Win32
		{C52C8A11-CBCC-444C-95E2-391F2288828A}.Debug|ARM.ActiveCfg = Debug|Win32
		{C52C8A11-CBCC-444C-95E2-391F2288828A}.Debug|x64.ActiveCfg = Debug|x64
		{C52C8A11-CBCC-444C-95E2-391F2288828A}.Debug|x64.Build.0 = Debug|x64
		{C52C8A11-CBCC-444C-95E2-391F2288828A}.Debug|x86.ActiveCfg = Debug|Win32
		{C52C8A11-CBCC-444C-95E2-391F2288828A}.Debug|x86.Build.0 = Debug|Win32
		{C52C8A11-CBCC-444C-95E2-391F2288828A}.Release|ARM.ActiveCfg = Release|Win32
		{C52C8A11-CBCC-444C-95E2-391F2288828A}.Release|x64.ActiveCfg = Release|x64
		{C52C8A11-CBCC-444C-95E2-391F2288828A}.Release|x64.Build.0 = Release|x64
		{C52C8A11-CBCC-444C-95E2-391F2288828A}.Release|x86.ActiveCfg = Release|Win32
		{C52C8A11-CBCC-444C-95E2-391F2288828A}.Release|x86.Build.0 = Release|Win32
		{A294DC11-5347-4312-950A-A6215DA41CCE}.Debug|ARM.ActiveCfg = Debug|Win32
		{A294DC11-5347-4312-950A-A6215DA41CCE}.Debug|x64.ActiveCfg = Debug|x64
		{A294DC11-5347-4312-950A-A6215DA41CCE}.Debug|x64.Build.0 = Debug|x64
		{A294DC11-5347-4312-950A-A6215DA41CCE}.Debug|x86.ActiveCfg = Debug|Win32
		{A294DC11-5347-4312-950A-A6215DA41CCE}.Debug|x86.Build.0 = Debug|Win32
		{A294DC11-5347-4312-950A-A6215DA41CCE}.Release|ARM.ActiveCfg = Release|Win32
		{A294DC11-5347-4312-950A-A6215DA41CCE}.Release|x64.ActiveCfg = Release|x64
		{A294DC11-5347-4312-950A-A6215DA41CCE}.Release|x64.Build.0 = Release|x64
		{A294DC11-5347-4312-950A-A6215DA41CCE}.Release|x86.ActiveCfg = Release|Win32
		{A294DC11-5347-4312-950A-A6215DA41CCE}.Release|x86.Build.0 = Release|Win32
		{E620D3EF-62A0-49CF-8242-A305F3FA8656}.Debug|ARM.ActiveCfg = Debug|Win32
		{E620D3EF-62A0-49CF-8242-A305F3FA8656}.Debug|x64.ActiveCfg = Debug|x64
		{E620D3EF-62A0-49CF-8242-A305F3FA8656}.Debug|x64.Build.0 = Debug|x64
		{E620D3EF-62A0-49CF-8242-A305F3FA8656}.Debug|x86.ActiveCfg = Debug|Win32
		{E620D3EF-62A0-49CF-8242-A305F3FA8656}.Debug|x86.Build.0 = Debug|Win32
		{E620D3EF-62A0-49CF-8242-A305F3FA8656}.Release|ARM.ActiveCfg = Release|Win32
		{E620D3EF-62A0-49CF-8242-A305F3FA8656}.Release|x64.ActiveCfg = Release|x64
		{E620D3EF-62A0-49CF-8242-A305F3FA8656}.Release|x64.Build.0 = Release|x64
		{E620D3EF-62A0-49CF-8242-A305F3FA8656}.Release|x86.ActiveCfg = Release|Win32
		{E620D3EF-62A0-49CF-8242-A305F3FA8656}.Release|x86.Build.0 = Release|Win32
		{2EEF142D-56E7-4FFE-B57A-10E566D7AF31}.Debug|ARM.ActiveCfg = Debug|Win32
		{2EEF142D-56E7-4FFE-B57A-10E566D7AF31}.Debug|x64.ActiveCfg = Debug|x64
		{2EEF142D-56E7-4FFE-B57A-10E566D7AF31}.Debug|x64.Build.0 = Debug|x64
		{2EEF142D-56E7-4FFE-B57A-10E566D7AF31}.Debug|x86.ActiveCfg = Debug|Win32
		{2EEF142D-56E7-4FFE-B57A-10E566D7AF31}.Debug|x86.Deploy.0 = Debug|Win32
		{2EEF142D-56E7-4FFE-B57A-10E566D7AF31}.Release|ARM.ActiveCfg = Release|Win32
		{2EEF142D-56E7-4FFE-B57A-10E566D7AF31}.Release|x64.ActiveCfg = Release|x64
		{2EEF142D-56E7-4FFE-B57A-10E566D7AF31}.Release|x64.Build.0 = Release|x64
		{2EEF142D-56E7-4FFE-B57A-10E566D7AF31}.Release|x86.ActiveCfg = Release|Win32
		{2EEF142D-56E7-4FFE-B57A-10E566D7AF31}.Release|x86.Build.0 = Release|Win32
		{9254713C-D0F1-4A7A-B79F-100C43A1AC7A}.Debug|ARM.ActiveCfg = Debug|Win32
		{9254713C-D0F1-4A7A-B79F-100C43A1AC7A}.Debug|x64.ActiveCfg = Debug|x64
		{9254713C-D0F1-4A7A-B79F-100C43A1AC7A}.Debug|x64.Build.0 = Debug|x64
		{9254713C-D0F1-4A7A-B79F-100C43A1AC7A}.Debug|x86.ActiveCfg = Debug|Win32
		{9254713C-D0F1-4A7A-B79F-100C43A1AC7A}.Debug|x86.Build.0 = Debug|Win32
		{9254713C-D0F1-4A7A-B79F-100C43A1AC7A}.Release|ARM.ActiveCfg = Release|Win32
		{9254713C-D0F1-4A7A-B79F-100C43A1AC7A}.Release|x64.ActiveCfg = Release|x64
		{9254713C-D0F1-4A7A-B79F-100C43A1AC7A}.Release|x64.Build.0 = Release|x64
		{9254713C-D0F1-4A7A-B79F-100C43A1AC7A}.Release|x86.ActiveCfg = Release|Win32
		{9254713C-D0F1-4A7A-B79F-100C43A1AC7A}.Release|x86.Build.0 = Release|Win32
		{C4E0532C-55D7-4B18-BDB7-9DF02B48A44F}.Debug|ARM.ActiveCfg = Debug|Win32
		{C4E0532C-55D7-4B18-BDB7-9DF02B48A44F}.Debug|x64.ActiveCfg = Debug|x64
		{C4E0532C-55D7-4B18-BDB7-9DF02B48A44F}.Debug|x64.Build.0 = Debug|x64
		{C4E0532C-55D7-4B18-BDB7-9DF02B48A44F}.Debug|x86.ActiveCfg = Debug|Win32
		{C4E0532C-55D7-4B18-BDB7-9DF02B48A44F}.Release|ARM.ActiveCfg = Release|Win32
		{C4E0532C-55D7-4B18-BDB7-9DF02B48A44F}.Release|x64.ActiveCfg = Release|x64
		{C4E0532C-55D7-4B18-BDB7-9DF02B48A44F}.Release|x64.Build.0 = Release|x64
		{C4E0532C-55D7-4B18-BDB7-9DF02B48A44F}.Release|x86.ActiveCfg = Release|Win32
		{C4E0532C-55D7-4B18-BDB7-9DF02B48A44F}.Release|x86.Build.0 = Release|Win32
		{F1CE6A54-9F26-4EAF-A3B4-8725D48DDB9A}.Debug|ARM.ActiveCfg = Debug|Win32
		{F1CE6A54-9F26-4EAF-A3B4-8725D48DDB9A}.Debug|x64.ActiveCfg = Debug|x64
		{F1CE6A54-9F26-4EAF-A3B4-8725D48DDB9A}.Debug|x64.Build.0 = Debug|x64
		{F1CE6A54-9F26-4EAF-A3B4-8725D48DDB9A}.Debug|x86.ActiveCfg = Debug|Win32
		{F1CE6A54-9F26-4EAF-A3B4-8725D48DDB9A}.Debug|x86.Build.0 = Debug|Win32
		{F1CE6A54-9F26-4EAF-A3B4-8725D48DDB9A}.Release|ARM.ActiveCfg = Release|Win32
		{F1CE6A54-9F26-4EAF-A3B4-8725D48DDB9A}.Release|x64.ActiveCfg = Release|x64
		{F1CE6A54-9F26-4EAF-A3B4-8725D48DDB9A}.Release|x64.Build.0 = Release|x64
		{F1CE6A54-9F26-4EAF-A3B4-8725D48DDB9A}.Release|x86.ActiveCfg = Release|Win32
		{F1CE6A54-9F26-4EAF-A3B4-8725D48DDB9A}.Release|x86.Build.0 = Release|Win32
		{5507E00B-3CC5-4F39-A232-ABADC4370D03}.Debug|ARM.ActiveCfg = Debug|Win32
		{5507E00B-3CC5-4F39-A232-ABADC4370D03}.Debug|x64.ActiveCfg = Debug|x64
		{5507E00B-3CC5-4F39-A232-ABADC4370D03}.Debug|x64.Build.0 = Debug|x64
		{5507E00B-3CC5-4F39-A232-ABADC4370D03}.Debug|x86.ActiveCfg = Debug|Win32
		{5507E00B-3CC5-4F39-A232-ABADC4370D03}.Debug|x86.Build.0 = Debug|Win32
		{5507E00B-3CC5-4F39-A232-ABADC4370D03}.Release|ARM.ActiveCfg = Release|Win32
		{5507E00B-3CC5-4F39-A232-ABADC4370D03}.Release|x64.ActiveCfg = Release|x64
		{5507E00B-3CC5-4F39-A232-ABADC4370D03}.Release|x64.Build.0 = Release|x64
		{5507E00B-3CC5-4F39-A232-ABADC4370D03}.Release|x86.ActiveCfg = Release|Win32
		{5507E00B-3CC5-4F39-A232-ABADC4370D03}.Release|x86.Build.0 = Release|Win32
		{3CF43E9A-D0E5-482A-BCC1-53AB1ECB8AD2}.Debug|ARM.ActiveCfg = Debug|Win32
		{3CF43E9A-D0E5-482A-BCC1-53AB1ECB8AD2}.Debug|x64.ActiveCfg = Debug|x64
		{3CF43E9A-D0E5-482A-BCC1-53AB1ECB8AD2}.Debug|x64.Build.0 = Debug|x64
		{3CF43E9A-D0E5-482A-BCC1-53AB1ECB8AD2}.Debug|x86.ActiveCfg = Debug|Win32
		{3CF43E9A-D0E5-482A-BCC1-53AB1ECB8AD2}.Debug|x86.Build.0 = Debug|Win32
		{3CF43E9A-D0E5-482A-BCC1-53AB1ECB8AD2}.Release|ARM.ActiveCfg = Release|Win32
		{3CF43E9A-D0E5-482A-BCC1-53AB1ECB8AD2}.Release|x64.ActiveCfg = Release|x64
		{3CF43E9A-D0E5-482A-BCC1-53AB1ECB8AD2}.Release|x64.Build.0 = Release|x64
		{3CF43E9A-D0E5-482A-BCC1-53AB1ECB8AD2}.Release|x86.ActiveCfg = Release|Win32
		{3CF43E9A-D0E5-482A-BCC1-53AB1ECB8AD2}.Release|x86.Build.0 = Release|Win32
		{B045A9C4-53EA-4916-A1B7-D1819125BABC}.Debug|ARM.ActiveCfg = Debug|Win32
		{B045A9C4-53EA-4916-A1B7-D1819125BABC}.Debug|x64.ActiveCfg = Debug|x64
		{B045A9C4-53EA-4916-A1B7-D1819125BABC}.Debug|x64.Build.0 = Debug|x64
		{B045A9C4-53EA-4916-A1B7-D1819125BABC}.Debug|x86.ActiveCfg = Debug|Win32
		{B045A9C4-53EA-4916-A1B7-D1819125BABC}.Debug|x86.Build.0 = Debug|Win32
		{B045A9C4-53EA-4916-A1B7-D1819125BABC}.Release|ARM.ActiveCfg = Release|Win32
		{B045A9C4-53EA-4916-A1B7-D1819125BABC}.Release|x64.ActiveCfg = Release|x64
		{B045A9C4-53EA-4916-A1B7-D1819125BABC}.Release|x64.Build.0 = Release|x64
		{B045A9C4-53EA-4916-A1B7-D1819125BABC}.Release|x86.ActiveCfg = Release|Win32
		{B045A9C4-53EA-4916-A1B7-D1819125BABC}.Release|x86.Build.0 = Release|Win32
	EndGlobalSection
	GlobalSection(SolutionProperties) = preSolution
		HideSolutionNode = FALSE
	EndGlobalSection
EndGlobal
