<?xml version="1.0" encoding="utf-8"?>
<Project ToolsVersion="4.0" xmlns="http://schemas.microsoft.com/developer/msbuild/2003">
  <ItemGroup>
    <Filter Include="Source Files">
      <UniqueIdentifier>{4FC737F1-C7A5-4376-A066-2A32D752A2FF}</UniqueIdentifier>
      <Extensions>cpp;c;cc;cxx;def;odl;idl;hpj;bat;asm;asmx</Extensions>
    </Filter>
    <Filter Include="Header Files">
      <UniqueIdentifier>{93995380-89BD-4b04-88EB-625FBE52EBFB}</UniqueIdentifier>
      <Extensions>h;hh;hpp;hxx;hm;inl;inc;xsd</Extensions>
    </Filter>
    <Filter Include="Resource Files">
      <UniqueIdentifier>{67DA6AB6-F800-4c08-8B7A-83BB121AAD01}</UniqueIdentifier>
      <Extensions>rc;ico;cur;bmp;dlg;rc2;rct;bin;rgs;gif;jpg;jpeg;jpe;resx;tiff;tif;png;wav;mfcribbon-ms</Extensions>
    </Filter>
  </ItemGroup>
  <ItemGroup>
    <ClCompile Include="map_ui_tests.cpp">
      <Filter>Source Files</Filter>
    </ClCompile>
    <ClCompile Include="driver.cpp">
      <Filter>Source Files</Filter>
    </ClCompile>
    <ClCompile Include="movement_tests.cpp">
      <Filter>Source Files</Filter>
    </ClCompile>
    <ClCompile Include="state_machine_tests.cpp">
      <Filter>Source Files</Filter>
    </ClCompile>
    <ClCompile Include="turntracker_tests.cpp">
      <Filter>Source Files</Filter>
    </ClCompile>
    <ClCompile Include="MockTitle.cpp">
      <Filter>Source Files</Filter>
    </ClCompile>
    <ClCompile Include="MockExplore.cpp">
      <Filter>Source Files</Filter>
    </ClCompile>
    <ClCompile Include="MockFight.cpp">
      <Filter>Source Files</Filter>
    </ClCompile>
    <ClCompile Include="MockMainMenu.cpp">
      <Filter>Source Files</Filter>
    </ClCompile>
    <ClCompile Include="MockStatus.cpp">
      <Filter>Source Files</Filter>
    </ClCompile>
  </ItemGroup>
  <ItemGroup>
    <ClInclude Include="map_ui_tests.h">
      <Filter>Header Files</Filter>
    </ClInclude>
    <ClInclude Include="movement_tests.h">
      <Filter>Header Files</Filter>
    </ClInclude>
    <ClInclude Include="state_machine_tests.h">
      <Filter>Header Files</Filter>
    </ClInclude>
    <ClInclude Include="turntracker_tests.h">
      <Filter>Header Files</Filter>
    </ClInclude>
    <ClInclude Include="MockTitle.h">
      <Filter>Header Files</Filter>
    </ClInclude>
    <ClInclude Include="MockExplore.h">
      <Filter>Header Files</Filter>
    </ClInclude>
    <ClInclude Include="MockFight.h">
      <Filter>Header Files</Filter>
    </ClInclude>
    <ClInclude Include="MockMainMenu.h">
      <Filter>Header Files</Filter>
    </ClInclude>
    <ClInclude Include="MockStatus.h">
      <Filter>Header Files</Filter>
    </ClInclude>
  </ItemGroup>
</Project>