<?xml version="1.0" encoding="utf-8"?>
<Project ToolsVersion="4.0" xmlns="http://schemas.microsoft.com/developer/msbuild/2003">
  <ItemGroup>
    <Filter Include="Source Files">
      <UniqueIdentifier>{4FC737F1-C7A5-4376-A066-2A32D752A2FF}</UniqueIdentifier>
      <Extensions>cpp;c;cc;cxx;def;odl;idl;hpj;bat;asm;asmx</Extensions>
    </Filter>
    <Filter Include="Header Files">
      <UniqueIdentifier>{93995380-89BD-4b04-88EB-625FBE52EBFB}</UniqueIdentifier>
      <Extensions>h;hh;hpp;hxx;hm;inl;inc;xsd</Extensions>
    </Filter>
    <Filter Include="Resource Files">
      <UniqueIdentifier>{67DA6AB6-F800-4c08-8B7A-83BB121AAD01}</UniqueIdentifier>
      <Extensions>rc;ico;cur;bmp;dlg;rc2;rct;bin;rgs;gif;jpg;jpeg;jpe;resx;tiff;tif;png;wav;mfcribbon-ms</Extensions>
    </Filter>
  </ItemGroup>
  <ItemGroup>
    <ClInclude Include="MockControl.h">
      <Filter>Header Files</Filter>
    </ClInclude>
    <ClInclude Include="MockFileDirectory.h">
      <Filter>Header Files</Filter>
    </ClInclude>
    <ClInclude Include="mockCallbacks.h">
      <Filter>Header Files</Filter>
    </ClInclude>
    <ClInclude Include="MockMenuItem.h">
      <Filter>Header Files</Filter>
    </ClInclude>
    <ClInclude Include="MockMenu.h">
      <Filter>Header Files</Filter>
    </ClInclude>
    <ClInclude Include="MockStorable.h">
      <Filter>Header Files</Filter>
    </ClInclude>
    <ClInclude Include="MockObjectLinkedItem.h">
      <Filter>Header Files</Filter>
    </ClInclude>
    <ClInclude Include="MockApplication.h">
      <Filter>Header Files</Filter>
    </ClInclude>
    <ClInclude Include="MockControlCommand.h">
      <Filter>Header Files</Filter>
    </ClInclude>
    <ClInclude Include="MockFilePath.h">
      <Filter>Header Files</Filter>
    </ClInclude>
    <ClInclude Include="MockInputProcessor.h">
      <Filter>Header Files</Filter>
    </ClInclude>
  </ItemGroup>
  <ItemGroup>
    <ClCompile Include="TextLabelTest.cpp">
      <Filter>Source Files</Filter>
    </ClCompile>
    <ClCompile Include="ControllableTest.cpp">
      <Filter>Source Files</Filter>
    </ClCompile>
    <ClCompile Include="TwoDStorageTest.cpp">
      <Filter>Source Files</Filter>
    </ClCompile>
    <ClCompile Include="TUITest.cpp">
      <Filter>Source Files</Filter>
    </ClCompile>
    <ClCompile Include="FileDirectoryTest.cpp">
      <Filter>Source Files</Filter>
    </ClCompile>
    <ClCompile Include="MockFileDirectory.cpp">
      <Filter>Source Files</Filter>
    </ClCompile>
    <ClCompile Include="ControlManagerTest.cpp">
      <Filter>Source Files</Filter>
    </ClCompile>
    <ClCompile Include="mockCallbacks.cpp">
      <Filter>Source Files</Filter>
    </ClCompile>
    <ClCompile Include="MenuItemTest.cpp">
      <Filter>Source Files</Filter>
    </ClCompile>
    <ClCompile Include="AbstractMenuTest.cpp">
      <Filter>Source Files</Filter>
    </ClCompile>
    <ClCompile Include="MockMenu.cpp">
      <Filter>Source Files</Filter>
    </ClCompile>
    <ClCompile Include="GridMenuTest.cpp">
      <Filter>Source Files</Filter>
    </ClCompile>
    <ClCompile Include="TextFieldTest.cpp">
      <Filter>Source Files</Filter>
    </ClCompile>
    <ClCompile Include="FileChooserTest.cpp">
      <Filter>Source Files</Filter>
    </ClCompile>
    <ClCompile Include="ImageTest.cpp">
      <Filter>Source Files</Filter>
    </ClCompile>
    <ClCompile Include="StorableTest.cpp">
      <Filter>Source Files</Filter>
    </ClCompile>
    <ClCompile Include="MockStorable.cpp">
      <Filter>Source Files</Filter>
    </ClCompile>
    <ClCompile Include="HighlighterTest.cpp">
      <Filter>Source Files</Filter>
    </ClCompile>
    <ClCompile Include="PaletteTest.cpp">
      <Filter>Source Files</Filter>
    </ClCompile>
    <ClCompile Include="ObjectLinkedTest.cpp">
      <Filter>Source Files</Filter>
    </ClCompile>
    <ClCompile Include="LineItemTest.cpp">
      <Filter>Source Files</Filter>
    </ClCompile>
    <ClCompile Include="TextBoardTest.cpp">
      <Filter>Source Files</Filter>
    </ClCompile>
    <ClCompile Include="CommandTest.cpp">
      <Filter>Source Files</Filter>
    </ClCompile>
    <ClCompile Include="MockApplication.cpp">
      <Filter>Source Files</Filter>
    </ClCompile>
    <ClCompile Include="DialogWindowTest.cpp">
      <Filter>Source Files</Filter>
    </ClCompile>
    <ClCompile Include="FormFieldTest.cpp">
      <Filter>Source Files</Filter>
    </ClCompile>
    <ClCompile Include="KeyStringTest.cpp">
      <Filter>Source Files</Filter>
    </ClCompile>
    <ClCompile Include="DirectionTest.cpp">
      <Filter>Source Files</Filter>
    </ClCompile>
    <ClCompile Include="TwoDStorageProxyTest.cpp">
      <Filter>Source Files</Filter>
    </ClCompile>
    <ClCompile Include="FilePathTest.cpp">
      <Filter>Source Files</Filter>
    </ClCompile>
    <ClCompile Include="MockFilePath.cpp">
      <Filter>Source Files</Filter>
    </ClCompile>
    <ClCompile Include="InputManagerTest.cpp">
      <Filter>Source Files</Filter>
    </ClCompile>
    <ClCompile Include="FormatTest.cpp">
      <Filter>Source Files</Filter>
    </ClCompile>
    <ClCompile Include="CenteredFormatTest.cpp">
      <Filter>Source Files</Filter>
    </ClCompile>
    <ClCompile Include="WindowManagerTest.cpp">
      <Filter>Source Files</Filter>
    </ClCompile>
    <ClCompile Include="InputProcessorTest.cpp">
      <Filter>Source Files</Filter>
    </ClCompile>
    <ClCompile Include="MockInputProcessor.cpp">
      <Filter>Source Files</Filter>
    </ClCompile>
    <ClCompile Include="TextPieceTest.cpp">
      <Filter>Source Files</Filter>
    </ClCompile>
    <ClCompile Include="KeyDirectionTest.cpp">
      <Filter>Source Files</Filter>
    </ClCompile>
    <ClCompile Include="GridMenu_inputTest.cpp">
      <Filter>Source Files</Filter>
    </ClCompile>
  </ItemGroup>
</Project>