<?xml version="1.0" encoding="utf-8"?>
<Project ToolsVersion="4.0" xmlns="http://schemas.microsoft.com/developer/msbuild/2003">
  <ItemGroup>
    <Filter Include="Source Files">
      <UniqueIdentifier>{4FC737F1-C7A5-4376-A066-2A32D752A2FF}</UniqueIdentifier>
      <Extensions>cpp;c;cc;cxx;def;odl;idl;hpj;bat;asm;asmx</Extensions>
    </Filter>
    <Filter Include="Header Files">
      <UniqueIdentifier>{93995380-89BD-4b04-88EB-625FBE52EBFB}</UniqueIdentifier>
      <Extensions>h;hh;hpp;hxx;hm;inl;inc;xsd</Extensions>
    </Filter>
    <Filter Include="Resource Files">
      <UniqueIdentifier>{67DA6AB6-F800-4c08-8B7A-83BB121AAD01}</UniqueIdentifier>
      <Extensions>rc;ico;cur;bmp;dlg;rc2;rct;bin;rgs;gif;jpg;jpeg;jpe;resx;tiff;tif;png;wav;mfcribbon-ms</Extensions>
    </Filter>
  </ItemGroup>
  <ItemGroup>
    <ClInclude Include="AbstractMenu.h">
      <Filter>Header Files</Filter>
    </ClInclude>
    <ClInclude Include="Animation.h">
      <Filter>Header Files</Filter>
    </ClInclude>
    <ClInclude Include="BlitAnimation.h">
      <Filter>Header Files</Filter>
    </ClInclude>
    <ClInclude Include="Button.h">
      <Filter>Header Files</Filter>
    </ClInclude>
    <ClInclude Include="BWFilter.h">
      <Filter>Header Files</Filter>
    </ClInclude>
    <ClInclude Include="ChtypeFilter.h">
      <Filter>Header Files</Filter>
    </ClInclude>
    <ClInclude Include="ControlDecorator.h">
      <Filter>Header Files</Filter>
    </ClInclude>
    <ClInclude Include="Controllable.h">
      <Filter>Header Files</Filter>
    </ClInclude>
    <ClInclude Include="ControlManager.h">
      <Filter>Header Files</Filter>
    </ClInclude>
    <ClInclude Include="CursesAttributeController.h">
      <Filter>Header Files</Filter>
    </ClInclude>
    <ClInclude Include="CursesPanel.h">
      <Filter>Header Files</Filter>
    </ClInclude>
    <ClInclude Include="Direction.h">
      <Filter>Header Files</Filter>
    </ClInclude>
    <ClInclude Include="Drawable.h">
      <Filter>Header Files</Filter>
    </ClInclude>
    <ClInclude Include="FileChooser.h">
      <Filter>Header Files</Filter>
    </ClInclude>
    <ClInclude Include="FileDirectory.h">
      <Filter>Header Files</Filter>
    </ClInclude>
    <ClInclude Include="FilterPattern.h">
      <Filter>Header Files</Filter>
    </ClInclude>
    <ClInclude Include="Form.h">
      <Filter>Header Files</Filter>
    </ClInclude>
    <ClInclude Include="FormControl.h">
      <Filter>Header Files</Filter>
    </ClInclude>
    <ClInclude Include="FormField.h">
      <Filter>Header Files</Filter>
    </ClInclude>
    <ClInclude Include="Frame.h">
      <Filter>Header Files</Filter>
    </ClInclude>
    <ClInclude Include="GraphMenu.h">
      <Filter>Header Files</Filter>
    </ClInclude>
    <ClInclude Include="GridMenu.h">
      <Filter>Header Files</Filter>
    </ClInclude>
    <ClInclude Include="Highlighter.h">
      <Filter>Header Files</Filter>
    </ClInclude>
    <ClInclude Include="Image.h">
      <Filter>Header Files</Filter>
    </ClInclude>
    <ClInclude Include="InputManager.h">
      <Filter>Header Files</Filter>
    </ClInclude>
    <ClInclude Include="LineItem.h">
      <Filter>Header Files</Filter>
    </ClInclude>
    <ClInclude Include="MenuItem.h">
      <Filter>Header Files</Filter>
    </ClInclude>
    <ClInclude Include="MenuItem2.h">
      <Filter>Header Files</Filter>
    </ClInclude>
    <ClInclude Include="ObjectLinkedItem.h">
      <Filter>Header Files</Filter>
    </ClInclude>
    <ClInclude Include="Palette.h">
      <Filter>Header Files</Filter>
    </ClInclude>
    <ClInclude Include="RandomBlitAnimation.h">
      <Filter>Header Files</Filter>
    </ClInclude>
    <ClInclude Include="Rectangle.h">
      <Filter>Header Files</Filter>
    </ClInclude>
    <ClInclude Include="RGBControl.h">
      <Filter>Header Files</Filter>
    </ClInclude>
    <ClInclude Include="ScrollBar.h">
      <Filter>Header Files</Filter>
    </ClInclude>
    <ClInclude Include="SpiralBlitAnimation.h">
      <Filter>Header Files</Filter>
    </ClInclude>
    <ClInclude Include="Storable.h">
      <Filter>Header Files</Filter>
    </ClInclude>
    <ClInclude Include="Table.h">
      <Filter>Header Files</Filter>
    </ClInclude>
    <ClInclude Include="TextField.h">
      <Filter>Header Files</Filter>
    </ClInclude>
    <ClInclude Include="TextLabel.h">
      <Filter>Header Files</Filter>
    </ClInclude>
    <ClInclude Include="TUI.h">
      <Filter>Header Files</Filter>
    </ClInclude>
    <ClInclude Include="TwoDStorage.h">
      <Filter>Header Files</Filter>
    </ClInclude>
    <ClInclude Include="compare_functions.h">
      <Filter>Header Files</Filter>
    </ClInclude>
    <ClInclude Include="Style.h">
      <Filter>Header Files</Filter>
    </ClInclude>
    <ClInclude Include="Command.h">
      <Filter>Header Files</Filter>
    </ClInclude>
    <ClInclude Include="SimpleCommand.h">
      <Filter>Header Files</Filter>
    </ClInclude>
    <ClInclude Include="ControlCommand.h">
      <Filter>Header Files</Filter>
    </ClInclude>
    <ClInclude Include="SimpleControlCommand.h">
      <Filter>Header Files</Filter>
    </ClInclude>
    <ClInclude Include="input_return_codes.h">
      <Filter>Header Files</Filter>
    </ClInclude>
    <ClInclude Include="TextBoard.h">
      <Filter>Header Files</Filter>
    </ClInclude>
    <ClInclude Include="TextPiece.h">
      <Filter>Header Files</Filter>
    </ClInclude>
    <ClInclude Include="Format.h">
      <Filter>Header Files</Filter>
    </ClInclude>
    <ClInclude Include="DialogWindow.h">
      <Filter>Header Files</Filter>
    </ClInclude>
    <ClInclude Include="ConfirmDialog.h">
      <Filter>Header Files</Filter>
    </ClInclude>
    <ClInclude Include="FileDialog.h">
      <Filter>Header Files</Filter>
    </ClInclude>
  </ItemGroup>
  <ItemGroup>
    <ClCompile Include="AbstractMenu.cpp">
      <Filter>Source Files</Filter>
    </ClCompile>
    <ClCompile Include="Animation.cpp">
      <Filter>Source Files</Filter>
    </ClCompile>
    <ClCompile Include="BlitAnimation.cpp">
      <Filter>Source Files</Filter>
    </ClCompile>
    <ClCompile Include="Button.cpp">
      <Filter>Source Files</Filter>
    </ClCompile>
    <ClCompile Include="BWFilter.cpp">
      <Filter>Source Files</Filter>
    </ClCompile>
    <ClCompile Include="ChtypeFilter.cpp">
      <Filter>Source Files</Filter>
    </ClCompile>
    <ClCompile Include="Controllable.cpp">
      <Filter>Source Files</Filter>
    </ClCompile>
    <ClCompile Include="ControlManager.cpp">
      <Filter>Source Files</Filter>
    </ClCompile>
    <ClCompile Include="CursesAttributeController.cpp">
      <Filter>Source Files</Filter>
    </ClCompile>
    <ClCompile Include="CursesPanel.cpp">
      <Filter>Source Files</Filter>
    </ClCompile>
    <ClCompile Include="Direction.cpp">
      <Filter>Source Files</Filter>
    </ClCompile>
    <ClCompile Include="FileChooser.cpp">
      <Filter>Source Files</Filter>
    </ClCompile>
    <ClCompile Include="FileDirectory.cpp">
      <Filter>Source Files</Filter>
    </ClCompile>
    <ClCompile Include="FilterPattern.cpp">
      <Filter>Source Files</Filter>
    </ClCompile>
    <ClCompile Include="Form.cpp">
      <Filter>Source Files</Filter>
    </ClCompile>
    <ClCompile Include="FormField.cpp">
      <Filter>Source Files</Filter>
    </ClCompile>
    <ClCompile Include="Frame.cpp">
      <Filter>Source Files</Filter>
    </ClCompile>
    <ClCompile Include="GraphMenu.cpp">
      <Filter>Source Files</Filter>
    </ClCompile>
    <ClCompile Include="GridMenu.cpp">
      <Filter>Source Files</Filter>
    </ClCompile>
    <ClCompile Include="Highlighter.cpp">
      <Filter>Source Files</Filter>
    </ClCompile>
    <ClCompile Include="Image.cpp">
      <Filter>Source Files</Filter>
    </ClCompile>
    <ClCompile Include="InputManager.cpp">
      <Filter>Source Files</Filter>
    </ClCompile>
    <ClCompile Include="LineItem.cpp">
      <Filter>Source Files</Filter>
    </ClCompile>
    <ClCompile Include="MenuItem.cpp">
      <Filter>Source Files</Filter>
    </ClCompile>
    <ClCompile Include="Palette.cpp">
      <Filter>Source Files</Filter>
    </ClCompile>
    <ClCompile Include="RandomBlitAnimation.cpp">
      <Filter>Source Files</Filter>
    </ClCompile>
    <ClCompile Include="RGBControl.cpp">
      <Filter>Source Files</Filter>
    </ClCompile>
    <ClCompile Include="ScrollBar.cpp">
      <Filter>Source Files</Filter>
    </ClCompile>
    <ClCompile Include="SpiralBlitAnimation.cpp">
      <Filter>Source Files</Filter>
    </ClCompile>
    <ClCompile Include="Table.cpp">
      <Filter>Source Files</Filter>
    </ClCompile>
    <ClCompile Include="TextField.cpp">
      <Filter>Source Files</Filter>
    </ClCompile>
    <ClCompile Include="TextLabel.cpp">
      <Filter>Source Files</Filter>
    </ClCompile>
    <ClCompile Include="TUI.cpp">
      <Filter>Source Files</Filter>
    </ClCompile>
    <ClCompile Include="Style.cpp">
      <Filter>Source Files</Filter>
    </ClCompile>
    <ClCompile Include="TextBoard.cpp">
      <Filter>Source Files</Filter>
    </ClCompile>
    <ClCompile Include="TextPiece.cpp">
      <Filter>Source Files</Filter>
    </ClCompile>
    <ClCompile Include="DialogWindow.cpp">
      <Filter>Source Files</Filter>
    </ClCompile>
    <ClCompile Include="ConfirmDialog.cpp">
      <Filter>Source Files</Filter>
    </ClCompile>
    <ClCompile Include="FileDialog.cpp">
      <Filter>Source Files</Filter>
    </ClCompile>
  </ItemGroup>
  <ItemGroup>
    <None Include="ClassDiagram.cd" />
  </ItemGroup>
</Project>