<?xml version="1.0" encoding="utf-8"?>
<Project ToolsVersion="4.0" xmlns="http://schemas.microsoft.com/developer/msbuild/2003">
  <ItemGroup>
    <Filter Include="Source Files">
      <UniqueIdentifier>{4FC737F1-C7A5-4376-A066-2A32D752A2FF}</UniqueIdentifier>
      <Extensions>cpp;c;cc;cxx;def;odl;idl;hpj;bat;asm;asmx</Extensions>
    </Filter>
    <Filter Include="Header Files">
      <UniqueIdentifier>{93995380-89BD-4b04-88EB-625FBE52EBFB}</UniqueIdentifier>
      <Extensions>h;hh;hpp;hxx;hm;inl;inc;xsd</Extensions>
    </Filter>
    <Filter Include="Resource Files">
      <UniqueIdentifier>{67DA6AB6-F800-4c08-8B7A-83BB121AAD01}</UniqueIdentifier>
      <Extensions>rc;ico;cur;bmp;dlg;rc2;rct;bin;rgs;gif;jpg;jpeg;jpe;resx;tiff;tif;png;wav;mfcribbon-ms</Extensions>
    </Filter>
  </ItemGroup>
  <ItemGroup>
    <ClCompile Include="src\Actor.cpp">
      <Filter>Source Files</Filter>
    </ClCompile>
    <ClCompile Include="src\Map.cpp">
      <Filter>Source Files</Filter>
    </ClCompile>
    <ClCompile Include="src\ActorCard.cpp">
      <Filter>Source Files</Filter>
    </ClCompile>
    <ClCompile Include="src\BattleAlgorithm.cpp">
      <Filter>Source Files</Filter>
    </ClCompile>
    <ClCompile Include="src\TurnTracker.cpp">
      <Filter>Source Files</Filter>
    </ClCompile>
    <ClCompile Include="src\WadDatabase.cpp">
      <Filter>Source Files</Filter>
    </ClCompile>
    <ClCompile Include="src\MovementProcessor.cpp">
      <Filter>Source Files</Filter>
    </ClCompile>
    <ClCompile Include="src\mapKeyComparators.cpp">
      <Filter>Source Files</Filter>
    </ClCompile>
    <ClCompile Include="src\MapEffectFilterPattern.cpp">
      <Filter>Source Files</Filter>
    </ClCompile>
    <ClCompile Include="src\FreeMovementProcessor.cpp">
      <Filter>Source Files</Filter>
    </ClCompile>
    <ClCompile Include="src\GameStateManager.cpp">
      <Filter>Source Files</Filter>
    </ClCompile>
    <ClCompile Include="src\AutoMap.cpp">
      <Filter>Source Files</Filter>
    </ClCompile>
    <ClCompile Include="src\DataPkg.cpp">
      <Filter>Source Files</Filter>
    </ClCompile>
    <ClCompile Include="src\DataPkgFactory.cpp">
      <Filter>Source Files</Filter>
    </ClCompile>
    <ClCompile Include="src\ActorDefRepository.cpp">
      <Filter>Source Files</Filter>
    </ClCompile>
    <ClCompile Include="src\MapRepository.cpp">
      <Filter>Source Files</Filter>
    </ClCompile>
    <ClCompile Include="src\PlayerActor.cpp">
      <Filter>Source Files</Filter>
    </ClCompile>
    <ClCompile Include="src\actor_helper.cpp">
      <Filter>Source Files</Filter>
    </ClCompile>
  </ItemGroup>
  <ItemGroup>
    <ClInclude Include="include\Actor.h">
      <Filter>Header Files</Filter>
    </ClInclude>
    <ClInclude Include="include\Map.h">
      <Filter>Header Files</Filter>
    </ClInclude>
    <ClInclude Include="include\ActorCard.h">
      <Filter>Header Files</Filter>
    </ClInclude>
    <ClInclude Include="include\BattleAlgorithm.h">
      <Filter>Header Files</Filter>
    </ClInclude>
    <ClInclude Include="include\TurnTracker.h">
      <Filter>Header Files</Filter>
    </ClInclude>
    <ClInclude Include="include\WadDatabaseQuery.h">
      <Filter>Header Files</Filter>
    </ClInclude>
    <ClInclude Include="include\WadDatabase.h">
      <Filter>Header Files</Filter>
    </ClInclude>
    <ClInclude Include="include\Spell.h">
      <Filter>Header Files</Filter>
    </ClInclude>
    <ClInclude Include="include\MovementProcessor.h">
      <Filter>Header Files</Filter>
    </ClInclude>
    <ClInclude Include="include\MapKeyComparators.h">
      <Filter>Header Files</Filter>
    </ClInclude>
    <ClInclude Include="include\MapEffectFilterPattern.h">
      <Filter>Header Files</Filter>
    </ClInclude>
    <ClInclude Include="include\Lump.h">
      <Filter>Header Files</Filter>
    </ClInclude>
    <ClInclude Include="include\GameStateManager.h">
      <Filter>Header Files</Filter>
    </ClInclude>
    <ClInclude Include="include\GameState.h">
      <Filter>Header Files</Filter>
    </ClInclude>
    <ClInclude Include="include\FreeMovementProcessor.h">
      <Filter>Header Files</Filter>
    </ClInclude>
    <ClInclude Include="include\AutoMap.h">
      <Filter>Header Files</Filter>
    </ClInclude>
    <ClInclude Include="include\ActorDefRepository.h">
      <Filter>Header Files</Filter>
    </ClInclude>
    <ClInclude Include="include\MapRepository.h">
      <Filter>Header Files</Filter>
    </ClInclude>
    <ClInclude Include="include\Repository.h">
      <Filter>Header Files</Filter>
    </ClInclude>
    <ClInclude Include="include\Repository2.h">
      <Filter>Header Files</Filter>
    </ClInclude>
    <ClInclude Include="include\MapExit.h">
      <Filter>Header Files</Filter>
    </ClInclude>
    <ClInclude Include="include\DataPkg.h">
      <Filter>Header Files</Filter>
    </ClInclude>
    <ClInclude Include="include\DataPkgFactory.h">
      <Filter>Header Files</Filter>
    </ClInclude>
    <ClInclude Include="include\Player.h">
      <Filter>Header Files</Filter>
    </ClInclude>
    <ClInclude Include="include\PlayerActor.h">
      <Filter>Header Files</Filter>
    </ClInclude>
    <ClInclude Include="include\TileEffect.h">
      <Filter>Header Files</Filter>
    </ClInclude>
    <ClInclude Include="include\actor_helper.h">
      <Filter>Header Files</Filter>
    </ClInclude>
  </ItemGroup>
  <ItemGroup>
    <None Include="ClassDiagram.cd" />
  </ItemGroup>
</Project>