<?xml version="1.0" encoding="utf-8"?>
<Project ToolsVersion="4.0" xmlns="http://schemas.microsoft.com/developer/msbuild/2003">
  <ItemGroup>
    <Filter Include="Source Files">
      <UniqueIdentifier>{4FC737F1-C7A5-4376-A066-2A32D752A2FF}</UniqueIdentifier>
      <Extensions>cpp;c;cc;cxx;def;odl;idl;hpj;bat;asm;asmx</Extensions>
    </Filter>
    <Filter Include="Header Files">
      <UniqueIdentifier>{93995380-89BD-4b04-88EB-625FBE52EBFB}</UniqueIdentifier>
      <Extensions>h;hh;hpp;hxx;hm;inl;inc;xsd</Extensions>
    </Filter>
    <Filter Include="Resource Files">
      <UniqueIdentifier>{67DA6AB6-F800-4c08-8B7A-83BB121AAD01}</UniqueIdentifier>
      <Extensions>rc;ico;cur;bmp;dlg;rc2;rct;bin;rgs;gif;jpg;jpeg;jpe;resx;tiff;tif;png;wav;mfcribbon-ms</Extensions>
    </Filter>
  </ItemGroup>
  <ItemGroup>
    <ClCompile Include="Actor.cpp">
      <Filter>Source Files</Filter>
    </ClCompile>
    <ClCompile Include="actor_helper.cpp">
      <Filter>Source Files</Filter>
    </ClCompile>
    <ClCompile Include="ActorCard.cpp">
      <Filter>Source Files</Filter>
    </ClCompile>
    <ClCompile Include="AutoMap.cpp">
      <Filter>Source Files</Filter>
    </ClCompile>
    <ClCompile Include="BattleAlgorithm.cpp">
      <Filter>Source Files</Filter>
    </ClCompile>
    <ClCompile Include="DataPkg.cpp">
      <Filter>Source Files</Filter>
    </ClCompile>
    <ClCompile Include="FreeMovementProcessor.cpp">
      <Filter>Source Files</Filter>
    </ClCompile>
    <ClCompile Include="GameStateManager.cpp">
      <Filter>Source Files</Filter>
    </ClCompile>
    <ClCompile Include="Map.cpp">
      <Filter>Source Files</Filter>
    </ClCompile>
    <ClCompile Include="MapEffectFilterPattern.cpp">
      <Filter>Source Files</Filter>
    </ClCompile>
    <ClCompile Include="mapKeyComparators.cpp">
      <Filter>Source Files</Filter>
    </ClCompile>
    <ClCompile Include="MapRepository.cpp">
      <Filter>Source Files</Filter>
    </ClCompile>
    <ClCompile Include="MovementProcessor.cpp">
      <Filter>Source Files</Filter>
    </ClCompile>
    <ClCompile Include="MusicPlayer.cpp">
      <Filter>Source Files</Filter>
    </ClCompile>
    <ClCompile Include="PlayerActor.cpp">
      <Filter>Source Files</Filter>
    </ClCompile>
    <ClCompile Include="TurnTracker.cpp">
      <Filter>Source Files</Filter>
    </ClCompile>
    <ClCompile Include="WadDatabase.cpp">
      <Filter>Source Files</Filter>
    </ClCompile>
    <ClCompile Include="BoundInt.cpp">
      <Filter>Source Files</Filter>
    </ClCompile>
    <ClCompile Include="Inventory.cpp">
      <Filter>Source Files</Filter>
    </ClCompile>
    <ClCompile Include="GameItemMenuRecord.cpp">
      <Filter>Source Files</Filter>
    </ClCompile>
    <ClCompile Include="KeyComparators.cpp">
      <Filter>Source Files</Filter>
    </ClCompile>
    <ClCompile Include="MegaMap.cpp">
      <Filter>Source Files</Filter>
    </ClCompile>
    <ClCompile Include="Factory.cpp">
      <Filter>Source Files</Filter>
    </ClCompile>
    <ClCompile Include="ExplorationProcessor.cpp">
      <Filter>Source Files</Filter>
    </ClCompile>
    <ClCompile Include="BattleProcessor.cpp">
      <Filter>Source Files</Filter>
    </ClCompile>
    <ClCompile Include="MasterEditor.cpp">
      <Filter>Source Files</Filter>
    </ClCompile>
    <ClCompile Include="MapEditor.cpp">
      <Filter>Source Files</Filter>
    </ClCompile>
    <ClCompile Include="Editor.cpp">
      <Filter>Source Files</Filter>
    </ClCompile>
  </ItemGroup>
  <ItemGroup>
    <ClInclude Include="Actor.h">
      <Filter>Header Files</Filter>
    </ClInclude>
    <ClInclude Include="actor_helper.h">
      <Filter>Header Files</Filter>
    </ClInclude>
    <ClInclude Include="ActorCard.h">
      <Filter>Header Files</Filter>
    </ClInclude>
    <ClInclude Include="AutoMap.h">
      <Filter>Header Files</Filter>
    </ClInclude>
    <ClInclude Include="BattleAlgorithm.h">
      <Filter>Header Files</Filter>
    </ClInclude>
    <ClInclude Include="DataPkg.h">
      <Filter>Header Files</Filter>
    </ClInclude>
    <ClInclude Include="FreeMovementProcessor.h">
      <Filter>Header Files</Filter>
    </ClInclude>
    <ClInclude Include="GameState.h">
      <Filter>Header Files</Filter>
    </ClInclude>
    <ClInclude Include="GameStateManager.h">
      <Filter>Header Files</Filter>
    </ClInclude>
    <ClInclude Include="IMusicPlayer.h">
      <Filter>Header Files</Filter>
    </ClInclude>
    <ClInclude Include="Lump.h">
      <Filter>Header Files</Filter>
    </ClInclude>
    <ClInclude Include="Map.h">
      <Filter>Header Files</Filter>
    </ClInclude>
    <ClInclude Include="MapEffectFilterPattern.h">
      <Filter>Header Files</Filter>
    </ClInclude>
    <ClInclude Include="MapExit.h">
      <Filter>Header Files</Filter>
    </ClInclude>
    <ClInclude Include="MapKeyComparators.h">
      <Filter>Header Files</Filter>
    </ClInclude>
    <ClInclude Include="MapRepository.h">
      <Filter>Header Files</Filter>
    </ClInclude>
    <ClInclude Include="MovementProcessor.h">
      <Filter>Header Files</Filter>
    </ClInclude>
    <ClInclude Include="MusicPlayer.h">
      <Filter>Header Files</Filter>
    </ClInclude>
    <ClInclude Include="Pickup.h">
      <Filter>Header Files</Filter>
    </ClInclude>
    <ClInclude Include="Player.h">
      <Filter>Header Files</Filter>
    </ClInclude>
    <ClInclude Include="PlayerActor.h">
      <Filter>Header Files</Filter>
    </ClInclude>
    <ClInclude Include="Repository.h">
      <Filter>Header Files</Filter>
    </ClInclude>
    <ClInclude Include="Repository2.h">
      <Filter>Header Files</Filter>
    </ClInclude>
    <ClInclude Include="Spell.h">
      <Filter>Header Files</Filter>
    </ClInclude>
    <ClInclude Include="Thing.h">
      <Filter>Header Files</Filter>
    </ClInclude>
    <ClInclude Include="TileEffect.h">
      <Filter>Header Files</Filter>
    </ClInclude>
    <ClInclude Include="TurnTracker.h">
      <Filter>Header Files</Filter>
    </ClInclude>
    <ClInclude Include="WadDatabase.h">
      <Filter>Header Files</Filter>
    </ClInclude>
    <ClInclude Include="WadDatabaseQuery.h">
      <Filter>Header Files</Filter>
    </ClInclude>
    <ClInclude Include="Money.h">
      <Filter>Header Files</Filter>
    </ClInclude>
    <ClInclude Include="BoundInt.h">
      <Filter>Header Files</Filter>
    </ClInclude>
    <ClInclude Include="Inventory.h">
      <Filter>Header Files</Filter>
    </ClInclude>
    <ClInclude Include="GameItem.h">
      <Filter>Header Files</Filter>
    </ClInclude>
    <ClInclude Include="GameItemMenuRecord.h">
      <Filter>Header Files</Filter>
    </ClInclude>
    <ClInclude Include="KeyComparators.h">
      <Filter>Header Files</Filter>
    </ClInclude>
    <ClInclude Include="MegaMap.h">
      <Filter>Header Files</Filter>
    </ClInclude>
    <ClInclude Include="MapMetadata.h">
      <Filter>Header Files</Filter>
    </ClInclude>
    <ClInclude Include="Factory.h">
      <Filter>Header Files</Filter>
    </ClInclude>
    <ClInclude Include="ExplorationProcessor.h">
      <Filter>Header Files</Filter>
    </ClInclude>
    <ClInclude Include="BattleProcessor.h">
      <Filter>Header Files</Filter>
    </ClInclude>
    <ClInclude Include="MasterEditor.h">
      <Filter>Header Files</Filter>
    </ClInclude>
    <ClInclude Include="MapEditor.h">
      <Filter>Header Files</Filter>
    </ClInclude>
    <ClInclude Include="Editor.h">
      <Filter>Header Files</Filter>
    </ClInclude>
  </ItemGroup>
  <ItemGroup>
    <None Include="ClassDiagram.cd" />
  </ItemGroup>
</Project>